
Microsoft Visual Studio Solution File, Format Version 12.00
# Visual Studio 15
VisualStudioVersion = 15.0.27428.2043
MinimumVisualStudioVersion = 10.0.40219.1
Project("{FAE04EC0-301F-11D3-BF4B-00C04F79EFBC}") = "Lab2_part1", "Lab2_part1\Lab2_part1.csproj", "{4293A2E0-48FA-45D4-A623-2B61FDF1DF8E}"
EndProject
Global
	GlobalSection(SolutionConfigurationPlatforms) = preSolution
		Debug|Any CPU = Debug|Any CPU
		Release|Any CPU = Release|Any CPU
	EndGlobalSection
	GlobalSection(ProjectConfigurationPlatforms) = postSolution
		{4293A2E0-48FA-45D4-A623-2B61FDF1DF8E}.Debug|Any CPU.ActiveCfg = Debug|Any CPU
		{4293A2E0-48FA-45D4-A623-2B61FDF1DF8E}.Debug|Any CPU.Build.0 = Debug|Any CPU
		{4293A2E0-48FA-45D4-A623-2B61FDF1DF8E}.Release|Any CPU.ActiveCfg = Release|Any CPU
		{4293A2E0-48FA-45D4-A623-2B61FDF1DF8E}.Release|Any CPU.Build.0 = Release|Any CPU
	EndGlobalSection
	GlobalSection(SolutionProperties) = preSolution
		HideSolutionNode = FALSE
	EndGlobalSection
	GlobalSection(ExtensibilityGlobals) = postSolution
		SolutionGuid = {49302A39-EECE-447A-98F5-4ECA6D56D10C}
	EndGlobalSection
EndGlobal
